
Microsoft Visual Studio Solution File, Format Version 12.00
# Visual Studio 15
VisualStudioVersion = 15.0.27130.2027
MinimumVisualStudioVersion = 10.0.40219.1
Project("{9A19103F-16F7-4668-BE54-9A1E7A4F7556}") = "DocumentDB.ChangeFeedProcessor", "DocumentDB.ChangeFeedProcessor\DocumentDB.ChangeFeedProcessor.csproj", "{9021EE0A-6A49-4D24-976A-48A77787C672}"
EndProject
Project("{2150E333-8FDC-42A3-9474-1A3956D46DE8}") = "Solution Items", "Solution Items", "{C46D260C-F5AB-4AC9-9CF4-5FDBC4901935}"
	ProjectSection(SolutionItems) = preProject
		CodeCoverage.runsettings = CodeCoverage.runsettings
	EndProjectSection
EndProject
Project("{9A19103F-16F7-4668-BE54-9A1E7A4F7556}") = "DocumentDB.ChangeFeedProcessor.UnitTests", "DocumentDB.ChangeFeedProcessor.UnitTests\DocumentDB.ChangeFeedProcessor.UnitTests.csproj", "{7AC814D0-A31F-49F9-8C88-95CC2EB9BC0F}"
EndProject
Project("{9A19103F-16F7-4668-BE54-9A1E7A4F7556}") = "DocumentDB.ChangeFeedProcessor.IntegrationTests", "DocumentDB.ChangeFeedProcessor.IntegrationTests\DocumentDB.ChangeFeedProcessor.IntegrationTests.csproj", "{DD816695-2558-4CA1-9E4B-8967C0DBCEAB}"
EndProject
Project("{2150E333-8FDC-42A3-9474-1A3956D46DE8}") = "samples", "samples", "{F51D2B22-7F4B-4DBD-87EA-1FB3FB7DF95E}"
EndProject
Project("{FAE04EC0-301F-11D3-BF4B-00C04F79EFBC}") = "CosmosQueueSample", "..\samples\CosmosQueueSample\CosmosQueueSample.csproj", "{6CF0725A-5C82-4D7B-8FC0-30C6791F683A}"
EndProject
Project("{FAE04EC0-301F-11D3-BF4B-00C04F79EFBC}") = "DocumentDB.Queue", "DocumentDB.Queue\DocumentDB.Queue.csproj", "{8CF2AE05-98F1-411D-82B2-0D1C62B496BC}"
EndProject
Project("{FAE04EC0-301F-11D3-BF4B-00C04F79EFBC}") = "ChangeFeedReaderSample", "..\samples\ChangeFeedReaderSample\ChangeFeedReaderSample.csproj", "{B8F1BE81-746B-4878-A68E-BDD7B91EC1ED}"
EndProject
Global
	GlobalSection(SolutionConfigurationPlatforms) = preSolution
		Debug|Any CPU = Debug|Any CPU
		Release|Any CPU = Release|Any CPU
	EndGlobalSection
	GlobalSection(ProjectConfigurationPlatforms) = postSolution
		{9021EE0A-6A49-4D24-976A-48A77787C672}.Debug|Any CPU.ActiveCfg = Debug|Any CPU
		{9021EE0A-6A49-4D24-976A-48A77787C672}.Debug|Any CPU.Build.0 = Debug|Any CPU
		{9021EE0A-6A49-4D24-976A-48A77787C672}.Release|Any CPU.ActiveCfg = Release|Any CPU
		{9021EE0A-6A49-4D24-976A-48A77787C672}.Release|Any CPU.Build.0 = Release|Any CPU
		{7AC814D0-A31F-49F9-8C88-95CC2EB9BC0F}.Debug|Any CPU.ActiveCfg = Debug|Any CPU
		{7AC814D0-A31F-49F9-8C88-95CC2EB9BC0F}.Debug|Any CPU.Build.0 = Debug|Any CPU
		{7AC814D0-A31F-49F9-8C88-95CC2EB9BC0F}.Release|Any CPU.ActiveCfg = Release|Any CPU
		{7AC814D0-A31F-49F9-8C88-95CC2EB9BC0F}.Release|Any CPU.Build.0 = Release|Any CPU
		{DD816695-2558-4CA1-9E4B-8967C0DBCEAB}.Debug|Any CPU.ActiveCfg = Debug|Any CPU
		{DD816695-2558-4CA1-9E4B-8967C0DBCEAB}.Debug|Any CPU.Build.0 = Debug|Any CPU
		{DD816695-2558-4CA1-9E4B-8967C0DBCEAB}.Release|Any CPU.ActiveCfg = Release|Any CPU
		{DD816695-2558-4CA1-9E4B-8967C0DBCEAB}.Release|Any CPU.Build.0 = Release|Any CPU
		{6CF0725A-5C82-4D7B-8FC0-30C6791F683A}.Debug|Any CPU.ActiveCfg = Debug|Any CPU
		{6CF0725A-5C82-4D7B-8FC0-30C6791F683A}.Debug|Any CPU.Build.0 = Debug|Any CPU
		{6CF0725A-5C82-4D7B-8FC0-30C6791F683A}.Release|Any CPU.ActiveCfg = Release|Any CPU
		{6CF0725A-5C82-4D7B-8FC0-30C6791F683A}.Release|Any CPU.Build.0 = Release|Any CPU
		{8CF2AE05-98F1-411D-82B2-0D1C62B496BC}.Debug|Any CPU.ActiveCfg = Debug|Any CPU
		{8CF2AE05-98F1-411D-82B2-0D1C62B496BC}.Debug|Any CPU.Build.0 = Debug|Any CPU
		{8CF2AE05-98F1-411D-82B2-0D1C62B496BC}.Release|Any CPU.ActiveCfg = Release|Any CPU
		{8CF2AE05-98F1-411D-82B2-0D1C62B496BC}.Release|Any CPU.Build.0 = Release|Any CPU
		{B8F1BE81-746B-4878-A68E-BDD7B91EC1ED}.Debug|Any CPU.ActiveCfg = Debug|Any CPU
		{B8F1BE81-746B-4878-A68E-BDD7B91EC1ED}.Debug|Any CPU.Build.0 = Debug|Any CPU
		{B8F1BE81-746B-4878-A68E-BDD7B91EC1ED}.Release|Any CPU.ActiveCfg = Release|Any CPU
		{B8F1BE81-746B-4878-A68E-BDD7B91EC1ED}.Release|Any CPU.Build.0 = Release|Any CPU
	EndGlobalSection
	GlobalSection(SolutionProperties) = preSolution
		HideSolutionNode = FALSE
	EndGlobalSection
	GlobalSection(NestedProjects) = preSolution
		{6CF0725A-5C82-4D7B-8FC0-30C6791F683A} = {F51D2B22-7F4B-4DBD-87EA-1FB3FB7DF95E}
		{B8F1BE81-746B-4878-A68E-BDD7B91EC1ED} = {F51D2B22-7F4B-4DBD-87EA-1FB3FB7DF95E}
	EndGlobalSection
	GlobalSection(ExtensibilityGlobals) = postSolution
		SolutionGuid = {8D25B92A-07EF-451B-941E-93CADD8886B6}
	EndGlobalSection
EndGlobal
